
Microsoft Visual Studio Solution File, Format Version 12.00
# Visual Studio 14
VisualStudioVersion = 14.0.23107.0
MinimumVisualStudioVersion = 10.0.40219.1
Project("{FAE04EC0-301F-11D3-BF4B-00C04F79EFBC}") = "TrainApp.WebApi", "TrainApp.WebApi\TrainApp.WebApi.csproj", "{890A80C2-46F5-40E8-87AF-C68319102C75}"
EndProject
Project("{FAE04EC0-301F-11D3-BF4B-00C04F79EFBC}") = "TrainApp.WebApp", "TrainApp.WebApp\TrainApp.WebApp.csproj", "{087390B3-2945-427A-9653-7F609385223C}"
EndProject
Global
	GlobalSection(SolutionConfigurationPlatforms) = preSolution
		Debug|Any CPU = Debug|Any CPU
		Release|Any CPU = Release|Any CPU
	EndGlobalSection
	GlobalSection(ProjectConfigurationPlatforms) = postSolution
		{890A80C2-46F5-40E8-87AF-C68319102C75}.Debug|Any CPU.ActiveCfg = Debug|Any CPU
		{890A80C2-46F5-40E8-87AF-C68319102C75}.Debug|Any CPU.Build.0 = Debug|Any CPU
		{890A80C2-46F5-40E8-87AF-C68319102C75}.Release|Any CPU.ActiveCfg = Release|Any CPU
		{890A80C2-46F5-40E8-87AF-C68319102C75}.Release|Any CPU.Build.0 = Release|Any CPU
		{087390B3-2945-427A-9653-7F609385223C}.Debug|Any CPU.ActiveCfg = Debug|Any CPU
		{087390B3-2945-427A-9653-7F609385223C}.Debug|Any CPU.Build.0 = Debug|Any CPU
		{087390B3-2945-427A-9653-7F609385223C}.Release|Any CPU.ActiveCfg = Release|Any CPU
		{087390B3-2945-427A-9653-7F609385223C}.Release|Any CPU.Build.0 = Release|Any CPU
	EndGlobalSection
	GlobalSection(SolutionProperties) = preSolution
		HideSolutionNode = FALSE
	EndGlobalSection
EndGlobal
